
Microsoft Visual Studio Solution File, Format Version 12.00
# Visual Studio Version 16
VisualStudioVersion = 16.0.30330.147
MinimumVisualStudioVersion = 10.0.40219.1
Project("{FAE04EC0-301F-11D3-BF4B-00C04F79EFBC}") = "ParcialRonaldVelasco", "ParcialRonaldVelasco\ParcialRonaldVelasco.csproj", "{4A2CD684-967F-4DD7-AE8A-506BD61F3F8E}"
EndProject
Global
	GlobalSection(SolutionConfigurationPlatforms) = preSolution
		Debug|Any CPU = Debug|Any CPU
		Release|Any CPU = Release|Any CPU
	EndGlobalSection
	GlobalSection(ProjectConfigurationPlatforms) = postSolution
		{4A2CD684-967F-4DD7-AE8A-506BD61F3F8E}.Debug|Any CPU.ActiveCfg = Debug|Any CPU
		{4A2CD684-967F-4DD7-AE8A-506BD61F3F8E}.Debug|Any CPU.Build.0 = Debug|Any CPU
		{4A2CD684-967F-4DD7-AE8A-506BD61F3F8E}.Release|Any CPU.ActiveCfg = Release|Any CPU
		{4A2CD684-967F-4DD7-AE8A-506BD61F3F8E}.Release|Any CPU.Build.0 = Release|Any CPU
	EndGlobalSection
	GlobalSection(SolutionProperties) = preSolution
		HideSolutionNode = FALSE
	EndGlobalSection
	GlobalSection(ExtensibilityGlobals) = postSolution
		SolutionGuid = {84E517C6-4AFA-4FD1-B7E1-D695063600DF}
	EndGlobalSection
EndGlobal
